
Microsoft Visual Studio Solution File, Format Version 12.00
# Visual Studio Version 17
VisualStudioVersion = 17.6.33829.357
MinimumVisualStudioVersion = 10.0.40219.1
Project("{FAE04EC0-301F-11D3-BF4B-00C04F79EFBC}") = "registroDeHoras", "registroDeHoras\registroDeHoras.csproj", "{3865B203-225F-490D-AC46-C8F0ADDBBB4A}"
EndProject
Global
	GlobalSection(SolutionConfigurationPlatforms) = preSolution
		Debug|Any CPU = Debug|Any CPU
		Release|Any CPU = Release|Any CPU
	EndGlobalSection
	GlobalSection(ProjectConfigurationPlatforms) = postSolution
		{3865B203-225F-490D-AC46-C8F0ADDBBB4A}.Debug|Any CPU.ActiveCfg = Debug|Any CPU
		{3865B203-225F-490D-AC46-C8F0ADDBBB4A}.Debug|Any CPU.Build.0 = Debug|Any CPU
		{3865B203-225F-490D-AC46-C8F0ADDBBB4A}.Release|Any CPU.ActiveCfg = Release|Any CPU
		{3865B203-225F-490D-AC46-C8F0ADDBBB4A}.Release|Any CPU.Build.0 = Release|Any CPU
	EndGlobalSection
	GlobalSection(SolutionProperties) = preSolution
		HideSolutionNode = FALSE
	EndGlobalSection
	GlobalSection(ExtensibilityGlobals) = postSolution
		SolutionGuid = {974AEFE9-37FF-4684-BCB3-CC720D9FB526}
	EndGlobalSection
EndGlobal
